{
  "version": 4,
  "terraform_version": "0.14.4",
  "serial": 104,
  "lineage": "4ed7ffc7-764b-d1f4-b9a4-f89dd2b3081c",
  "outputs": {
    "instancedetails": {
      "value": {
        "auto_create_subnetworks": true,
        "delete_default_routes_on_create": false,
        "description": "",
        "gateway_ipv4": "",
        "id": "projects/dvproj-302117/global/networks/mynetwork",
        "mtu": 0,
        "name": "mynetwork",
        "project": "dvproj-302117",
        "routing_mode": "REGIONAL",
        "self_link": "https://www.googleapis.com/compute/v1/projects/dvproj-302117/global/networks/mynetwork",
        "timeouts": null
      },
      "type": [
        "object",
        {
          "auto_create_subnetworks": "bool",
          "delete_default_routes_on_create": "bool",
          "description": "string",
          "gateway_ipv4": "string",
          "id": "string",
          "mtu": "number",
          "name": "string",
          "project": "string",
          "routing_mode": "string",
          "self_link": "string",
          "timeouts": [
            "object",
            {
              "create": "string",
              "delete": "string",
              "update": "string"
            }
          ]
        }
      ]
    }
  },
  "resources": [
    {
      "mode": "managed",
      "type": "google_compute_firewall",
      "name": "myfw",
      "provider": "provider[\"registry.terraform.io/hashicorp/google\"]",
      "instances": [
        {
          "schema_version": 1,
          "attributes": {
            "allow": [
              {
                "ports": [
                  "22",
                  "80",
                  "8080",
                  "1000-2000"
                ],
                "protocol": "tcp"
              },
              {
                "ports": [],
                "protocol": "icmp"
              }
            ],
            "creation_timestamp": "2021-01-24T22:15:09.238-08:00",
            "deny": [],
            "description": "",
            "destination_ranges": [],
            "direction": "INGRESS",
            "disabled": false,
            "enable_logging": null,
            "id": "projects/dvproj-302117/global/firewalls/myfwrule",
            "log_config": [],
            "name": "myfwrule",
            "network": "https://www.googleapis.com/compute/v1/projects/dvproj-302117/global/networks/mynetwork",
            "priority": 1000,
            "project": "dvproj-302117",
            "self_link": "https://www.googleapis.com/compute/v1/projects/dvproj-302117/global/firewalls/myfwrule",
            "source_ranges": [
              "0.0.0.0/0"
            ],
            "source_service_accounts": null,
            "source_tags": null,
            "target_service_accounts": null,
            "target_tags": [
              "webtag"
            ],
            "timeouts": null
          },
          "sensitive_attributes": [],
          "private": "eyJlMmJmYjczMC1lY2FhLTExZTYtOGY4OC0zNDM2M2JjN2M0YzAiOnsiY3JlYXRlIjoyNDAwMDAwMDAwMDAsImRlbGV0ZSI6MjQwMDAwMDAwMDAwLCJ1cGRhdGUiOjI0MDAwMDAwMDAwMH0sInNjaGVtYV92ZXJzaW9uIjoiMSJ9",
          "dependencies": [
            "google_compute_network.mynet"
          ]
        }
      ]
    },
    {
      "mode": "managed",
      "type": "google_compute_instance",
      "name": "myvms",
      "provider": "provider[\"registry.terraform.io/hashicorp/google\"]",
      "instances": [
        {
          "schema_version": 6,
          "attributes": {
            "allow_stopping_for_update": true,
            "attached_disk": [],
            "boot_disk": [
              {
                "auto_delete": true,
                "device_name": "persistent-disk-0",
                "disk_encryption_key_raw": "",
                "disk_encryption_key_sha256": "",
                "initialize_params": [
                  {
                    "image": "https://www.googleapis.com/compute/v1/projects/centos-cloud/global/images/centos-7-v20210122",
                    "labels": {},
                    "size": 20,
                    "type": "pd-standard"
                  }
                ],
                "kms_key_self_link": "",
                "mode": "READ_WRITE",
                "source": "https://www.googleapis.com/compute/v1/projects/dvproj-302117/zones/us-central1-b/disks/myvm4"
              }
            ],
            "can_ip_forward": false,
            "confidential_instance_config": [],
            "cpu_platform": "Intel Haswell",
            "current_status": "RUNNING",
            "deletion_protection": false,
            "description": "",
            "desired_status": null,
            "enable_display": false,
            "guest_accelerator": [],
            "hostname": "",
            "id": "projects/dvproj-302117/zones/us-central1-b/instances/myvm4",
            "instance_id": "1714263721823690497",
            "label_fingerprint": "42WmSpB8rSM=",
            "labels": null,
            "machine_type": "f1-micro",
            "metadata": {
              "app": "web",
              "env": "dev",
              "owner": "devvaradharajan dhanasekaran"
            },
            "metadata_fingerprint": "8eLOGVBZ6zE=",
            "metadata_startup_script": "sudo yum install epel-release\nsudo yum install -y nginx\nsudo systemctl start nginx\n",
            "min_cpu_platform": "",
            "name": "myvm4",
            "network_interface": [
              {
                "access_config": [
                  {
                    "nat_ip": "34.69.130.180",
                    "network_tier": "PREMIUM",
                    "public_ptr_domain_name": ""
                  }
                ],
                "alias_ip_range": [],
                "name": "nic0",
                "network": "https://www.googleapis.com/compute/v1/projects/dvproj-302117/global/networks/mynetwork",
                "network_ip": "10.128.0.2",
                "subnetwork": "https://www.googleapis.com/compute/v1/projects/dvproj-302117/regions/us-central1/subnetworks/mynetwork",
                "subnetwork_project": "dvproj-302117"
              }
            ],
            "project": "dvproj-302117",
            "resource_policies": null,
            "scheduling": [
              {
                "automatic_restart": true,
                "node_affinities": [],
                "on_host_maintenance": "MIGRATE",
                "preemptible": false
              }
            ],
            "scratch_disk": [],
            "self_link": "https://www.googleapis.com/compute/v1/projects/dvproj-302117/zones/us-central1-b/instances/myvm4",
            "service_account": [],
            "shielded_instance_config": [
              {
                "enable_integrity_monitoring": true,
                "enable_secure_boot": false,
                "enable_vtpm": true
              }
            ],
            "tags": [
              "webtag"
            ],
            "tags_fingerprint": "DX1k7Jgw-ak=",
            "timeouts": null,
            "zone": "us-central1-b"
          },
          "sensitive_attributes": [],
          "private": "eyJlMmJmYjczMC1lY2FhLTExZTYtOGY4OC0zNDM2M2JjN2M0YzAiOnsiY3JlYXRlIjoxMjAwMDAwMDAwMDAwLCJkZWxldGUiOjEyMDAwMDAwMDAwMDAsInVwZGF0ZSI6MTIwMDAwMDAwMDAwMH0sInNjaGVtYV92ZXJzaW9uIjoiNiJ9",
          "dependencies": [
            "google_compute_network.mynet"
          ],
          "create_before_destroy": true
        }
      ]
    },
    {
      "mode": "managed",
      "type": "google_compute_network",
      "name": "mynet",
      "provider": "provider[\"registry.terraform.io/hashicorp/google\"]",
      "instances": [
        {
          "schema_version": 0,
          "attributes": {
            "auto_create_subnetworks": true,
            "delete_default_routes_on_create": false,
            "description": "",
            "gateway_ipv4": "",
            "id": "projects/dvproj-302117/global/networks/mynetwork",
            "mtu": 0,
            "name": "mynetwork",
            "project": "dvproj-302117",
            "routing_mode": "REGIONAL",
            "self_link": "https://www.googleapis.com/compute/v1/projects/dvproj-302117/global/networks/mynetwork",
            "timeouts": null
          },
          "sensitive_attributes": [],
          "private": "eyJlMmJmYjczMC1lY2FhLTExZTYtOGY4OC0zNDM2M2JjN2M0YzAiOnsiY3JlYXRlIjoyNDAwMDAwMDAwMDAsImRlbGV0ZSI6MjQwMDAwMDAwMDAwLCJ1cGRhdGUiOjI0MDAwMDAwMDAwMH19",
          "create_before_destroy": true
        }
      ]
    }
  ]
}
